
Microsoft Visual Studio Solution File, Format Version 12.00
# Visual Studio Version 17
VisualStudioVersion = 17.14.36327.8 d17.14
MinimumVisualStudioVersion = 10.0.40219.1
Project("{FAE04EC0-301F-11D3-BF4B-00C04F79EFBC}") = "IdentityCoreDemo", "IdentityCoreDemo.csproj", "{D6DF7B6D-2D97-4867-B3BF-C61674A82007}"
EndProject
Global
	GlobalSection(SolutionConfigurationPlatforms) = preSolution
		Debug|Any CPU = Debug|Any CPU
		Release|Any CPU = Release|Any CPU
	EndGlobalSection
	GlobalSection(ProjectConfigurationPlatforms) = postSolution
		{D6DF7B6D-2D97-4867-B3BF-C61674A82007}.Debug|Any CPU.ActiveCfg = Debug|Any CPU
		{D6DF7B6D-2D97-4867-B3BF-C61674A82007}.Debug|Any CPU.Build.0 = Debug|Any CPU
		{D6DF7B6D-2D97-4867-B3BF-C61674A82007}.Release|Any CPU.ActiveCfg = Release|Any CPU
		{D6DF7B6D-2D97-4867-B3BF-C61674A82007}.Release|Any CPU.Build.0 = Release|Any CPU
	EndGlobalSection
	GlobalSection(SolutionProperties) = preSolution
		HideSolutionNode = FALSE
	EndGlobalSection
	GlobalSection(ExtensibilityGlobals) = postSolution
		SolutionGuid = {5C4BF197-A958-4330-9935-324AB59E08BC}
	EndGlobalSection
EndGlobal
